# This file is automatically @generated by Cargo.
# It is not intended for manual editing.
version = 4

[[package]]
name = "use-oci"
version = "0.0.1"
dependencies = [
 "use-oci-annotation",
 "use-oci-config",
 "use-oci-descriptor",
 "use-oci-digest",
 "use-oci-distribution",
 "use-oci-hook",
 "use-oci-image",
 "use-oci-index",
 "use-oci-layer",
 "use-oci-layout",
 "use-oci-manifest",
 "use-oci-media-type",
 "use-oci-namespace",
 "use-oci-platform",
 "use-oci-reference",
 "use-oci-runtime",
 "use-oci-tag",
]

[[package]]
name = "use-oci-annotation"
version = "0.0.1"

[[package]]
name = "use-oci-config"
version = "0.0.1"
dependencies = [
 "use-oci-annotation",
 "use-oci-platform",
]

[[package]]
name = "use-oci-descriptor"
version = "0.0.1"
dependencies = [
 "use-oci-annotation",
 "use-oci-digest",
 "use-oci-media-type",
 "use-oci-platform",
]

[[package]]
name = "use-oci-digest"
version = "0.0.1"

[[package]]
name = "use-oci-distribution"
version = "0.0.1"
dependencies = [
 "use-oci-digest",
 "use-oci-tag",
]

[[package]]
name = "use-oci-hook"
version = "0.0.1"

[[package]]
name = "use-oci-image"
version = "0.0.1"
dependencies = [
 "use-oci-annotation",
 "use-oci-descriptor",
 "use-oci-digest",
 "use-oci-media-type",
 "use-oci-platform",
 "use-oci-reference",
]

[[package]]
name = "use-oci-index"
version = "0.0.1"
dependencies = [
 "use-oci-annotation",
 "use-oci-descriptor",
 "use-oci-digest",
 "use-oci-media-type",
 "use-oci-platform",
]

[[package]]
name = "use-oci-layer"
version = "0.0.1"
dependencies = [
 "use-oci-digest",
 "use-oci-media-type",
]

[[package]]
name = "use-oci-layout"
version = "0.0.1"

[[package]]
name = "use-oci-manifest"
version = "0.0.1"
dependencies = [
 "use-oci-annotation",
 "use-oci-descriptor",
 "use-oci-digest",
 "use-oci-media-type",
]

[[package]]
name = "use-oci-media-type"
version = "0.0.1"

[[package]]
name = "use-oci-namespace"
version = "0.0.1"

[[package]]
name = "use-oci-platform"
version = "0.0.1"

[[package]]
name = "use-oci-reference"
version = "0.0.1"
dependencies = [
 "use-oci-digest",
 "use-oci-distribution",
 "use-oci-tag",
]

[[package]]
name = "use-oci-runtime"
version = "0.0.1"
dependencies = [
 "use-oci-hook",
 "use-oci-namespace",
]

[[package]]
name = "use-oci-tag"
version = "0.0.1"
